
Microsoft Visual Studio Solution File, Format Version 12.00
# Visual Studio Version 16
VisualStudioVersion = 16.6.30114.105
MinimumVisualStudioVersion = 10.0.40219.1
Project("{9A19103F-16F7-4668-BE54-9A1E7A4F7556}") = "ETender.Products", "ETender.Products\ETender.Products.csproj", "{412797B6-0027-44A0-9654-DBA8F2B4E46F}"
EndProject
Project("{2150E333-8FDC-42A3-9474-1A3956D46DE8}") = "Products", "Products", "{A0F1D084-C4EF-4FBB-9794-6590717D7140}"
EndProject
Project("{2150E333-8FDC-42A3-9474-1A3956D46DE8}") = "src", "src", "{40B0ABF4-0DEB-4A40-B17A-9FB7D08AC303}"
EndProject
Project("{2150E333-8FDC-42A3-9474-1A3956D46DE8}") = "Services", "Services", "{7AA8A233-55D4-44FF-97CC-5A4B1235C101}"
EndProject
Project("{2150E333-8FDC-42A3-9474-1A3956D46DE8}") = "ApiGateway", "ApiGateway", "{1A1AD65A-172C-41CA-836F-67D06051EFF3}"
EndProject
Project("{2150E333-8FDC-42A3-9474-1A3956D46DE8}") = "WebApp", "WebApp", "{5ED0330F-2FCD-4585-9C43-82ADE15D30E0}"
EndProject
Project("{2150E333-8FDC-42A3-9474-1A3956D46DE8}") = "Common", "Common", "{1E7C4440-BCBB-49CE-A130-E612A3114C37}"
EndProject
Project("{2150E333-8FDC-42A3-9474-1A3956D46DE8}") = "Order", "Order", "{5A355076-49A3-4D57-9CB2-FD461F82DE0C}"
EndProject
Project("{2150E333-8FDC-42A3-9474-1A3956D46DE8}") = "Sourcing", "Sourcing", "{5DAB0A3A-2C8A-4493-BF2C-065FAB6D06C4}"
EndProject
Project("{E53339B2-1760-4266-BCC7-CA923CBCF16C}") = "docker-compose", "docker-compose.dcproj", "{2424883F-9C07-49FF-9FE9-A910902000D0}"
EndProject
Project("{9A19103F-16F7-4668-BE54-9A1E7A4F7556}") = "ETender.Sourcing", "ETender.Sourcing\ETender.Sourcing.csproj", "{258D8D2E-1A81-4B20-9ABE-59114D8EF693}"
EndProject
Project("{9A19103F-16F7-4668-BE54-9A1E7A4F7556}") = "EventBusRabbitMQ", "EventBusRabbitMQ\EventBusRabbitMQ.csproj", "{AA669F47-031F-48E8-9B5F-26240CC6A46E}"
EndProject
Project("{9A19103F-16F7-4668-BE54-9A1E7A4F7556}") = "ETender.Order", "ETender.Order\ETender.Order.csproj", "{B6F487FC-4EE7-444F-AB56-7B55B050D476}"
EndProject
Project("{9A19103F-16F7-4668-BE54-9A1E7A4F7556}") = "Ordering.Domain", "Ordering.Domain\Ordering.Domain.csproj", "{7DC3366F-0DBD-4FAA-A573-20F8E35F89EA}"
EndProject
Project("{9A19103F-16F7-4668-BE54-9A1E7A4F7556}") = "Ordering.Application", "Ordering.Application\Ordering.Application.csproj", "{1DCAE1CB-E974-417C-B0E1-94F6BC3EB6C8}"
EndProject
Project("{9A19103F-16F7-4668-BE54-9A1E7A4F7556}") = "Ordering.Infrastructure", "Ordering.Infrastructure\Ordering.Infrastructure.csproj", "{0625BF96-C8E2-4CAC-B29F-62125E5E5E5E}"
EndProject
Project("{FAE04EC0-301F-11D3-BF4B-00C04F79EFBC}") = "ETender.APIGateway", "ETender.APIGateway\ETender.APIGateway.csproj", "{FE5EAF38-B658-4E23-BFDC-FFA213F4CE23}"
EndProject
Project("{FAE04EC0-301F-11D3-BF4B-00C04F79EFBC}") = "ETender.UI", "ETender.UI\ETender.UI.csproj", "{D1C62E14-B698-4635-984E-86A5CEC75CCB}"
EndProject
Project("{FAE04EC0-301F-11D3-BF4B-00C04F79EFBC}") = "ETender.Core", "ETender.Core\ETender.Core.csproj", "{F805357B-2522-4EAE-8425-05B413B52947}"
EndProject
Project("{FAE04EC0-301F-11D3-BF4B-00C04F79EFBC}") = "ETender.Infrastructure", "ETender.Infrastructure\ETender.Infrastructure.csproj", "{B99D4AF2-1547-4A80-BA20-D46F72E220A5}"
EndProject
Global
	GlobalSection(SolutionConfigurationPlatforms) = preSolution
		Debug|Any CPU = Debug|Any CPU
		Debug|x64 = Debug|x64
		Debug|x86 = Debug|x86
		Release|Any CPU = Release|Any CPU
		Release|x64 = Release|x64
		Release|x86 = Release|x86
	EndGlobalSection
	GlobalSection(ProjectConfigurationPlatforms) = postSolution
		{412797B6-0027-44A0-9654-DBA8F2B4E46F}.Debug|Any CPU.ActiveCfg = Debug|Any CPU
		{412797B6-0027-44A0-9654-DBA8F2B4E46F}.Debug|Any CPU.Build.0 = Debug|Any CPU
		{412797B6-0027-44A0-9654-DBA8F2B4E46F}.Debug|x64.ActiveCfg = Debug|Any CPU
		{412797B6-0027-44A0-9654-DBA8F2B4E46F}.Debug|x64.Build.0 = Debug|Any CPU
		{412797B6-0027-44A0-9654-DBA8F2B4E46F}.Debug|x86.ActiveCfg = Debug|Any CPU
		{412797B6-0027-44A0-9654-DBA8F2B4E46F}.Debug|x86.Build.0 = Debug|Any CPU
		{412797B6-0027-44A0-9654-DBA8F2B4E46F}.Release|Any CPU.ActiveCfg = Release|Any CPU
		{412797B6-0027-44A0-9654-DBA8F2B4E46F}.Release|Any CPU.Build.0 = Release|Any CPU
		{412797B6-0027-44A0-9654-DBA8F2B4E46F}.Release|x64.ActiveCfg = Release|Any CPU
		{412797B6-0027-44A0-9654-DBA8F2B4E46F}.Release|x64.Build.0 = Release|Any CPU
		{412797B6-0027-44A0-9654-DBA8F2B4E46F}.Release|x86.ActiveCfg = Release|Any CPU
		{412797B6-0027-44A0-9654-DBA8F2B4E46F}.Release|x86.Build.0 = Release|Any CPU
		{2424883F-9C07-49FF-9FE9-A910902000D0}.Debug|Any CPU.ActiveCfg = Debug|Any CPU
		{2424883F-9C07-49FF-9FE9-A910902000D0}.Debug|Any CPU.Build.0 = Debug|Any CPU
		{2424883F-9C07-49FF-9FE9-A910902000D0}.Debug|x64.ActiveCfg = Debug|Any CPU
		{2424883F-9C07-49FF-9FE9-A910902000D0}.Debug|x64.Build.0 = Debug|Any CPU
		{2424883F-9C07-49FF-9FE9-A910902000D0}.Debug|x86.ActiveCfg = Debug|Any CPU
		{2424883F-9C07-49FF-9FE9-A910902000D0}.Debug|x86.Build.0 = Debug|Any CPU
		{2424883F-9C07-49FF-9FE9-A910902000D0}.Release|Any CPU.ActiveCfg = Release|Any CPU
		{2424883F-9C07-49FF-9FE9-A910902000D0}.Release|Any CPU.Build.0 = Release|Any CPU
		{2424883F-9C07-49FF-9FE9-A910902000D0}.Release|x64.ActiveCfg = Release|Any CPU
		{2424883F-9C07-49FF-9FE9-A910902000D0}.Release|x64.Build.0 = Release|Any CPU
		{2424883F-9C07-49FF-9FE9-A910902000D0}.Release|x86.ActiveCfg = Release|Any CPU
		{2424883F-9C07-49FF-9FE9-A910902000D0}.Release|x86.Build.0 = Release|Any CPU
		{258D8D2E-1A81-4B20-9ABE-59114D8EF693}.Debug|Any CPU.ActiveCfg = Debug|Any CPU
		{258D8D2E-1A81-4B20-9ABE-59114D8EF693}.Debug|Any CPU.Build.0 = Debug|Any CPU
		{258D8D2E-1A81-4B20-9ABE-59114D8EF693}.Debug|x64.ActiveCfg = Debug|Any CPU
		{258D8D2E-1A81-4B20-9ABE-59114D8EF693}.Debug|x64.Build.0 = Debug|Any CPU
		{258D8D2E-1A81-4B20-9ABE-59114D8EF693}.Debug|x86.ActiveCfg = Debug|Any CPU
		{258D8D2E-1A81-4B20-9ABE-59114D8EF693}.Debug|x86.Build.0 = Debug|Any CPU
		{258D8D2E-1A81-4B20-9ABE-59114D8EF693}.Release|Any CPU.ActiveCfg = Release|Any CPU
		{258D8D2E-1A81-4B20-9ABE-59114D8EF693}.Release|Any CPU.Build.0 = Release|Any CPU
		{258D8D2E-1A81-4B20-9ABE-59114D8EF693}.Release|x64.ActiveCfg = Release|Any CPU
		{258D8D2E-1A81-4B20-9ABE-59114D8EF693}.Release|x64.Build.0 = Release|Any CPU
		{258D8D2E-1A81-4B20-9ABE-59114D8EF693}.Release|x86.ActiveCfg = Release|Any CPU
		{258D8D2E-1A81-4B20-9ABE-59114D8EF693}.Release|x86.Build.0 = Release|Any CPU
		{AA669F47-031F-48E8-9B5F-26240CC6A46E}.Debug|Any CPU.ActiveCfg = Debug|Any CPU
		{AA669F47-031F-48E8-9B5F-26240CC6A46E}.Debug|Any CPU.Build.0 = Debug|Any CPU
		{AA669F47-031F-48E8-9B5F-26240CC6A46E}.Debug|x64.ActiveCfg = Debug|Any CPU
		{AA669F47-031F-48E8-9B5F-26240CC6A46E}.Debug|x64.Build.0 = Debug|Any CPU
		{AA669F47-031F-48E8-9B5F-26240CC6A46E}.Debug|x86.ActiveCfg = Debug|Any CPU
		{AA669F47-031F-48E8-9B5F-26240CC6A46E}.Debug|x86.Build.0 = Debug|Any CPU
		{AA669F47-031F-48E8-9B5F-26240CC6A46E}.Release|Any CPU.ActiveCfg = Release|Any CPU
		{AA669F47-031F-48E8-9B5F-26240CC6A46E}.Release|Any CPU.Build.0 = Release|Any CPU
		{AA669F47-031F-48E8-9B5F-26240CC6A46E}.Release|x64.ActiveCfg = Release|Any CPU
		{AA669F47-031F-48E8-9B5F-26240CC6A46E}.Release|x64.Build.0 = Release|Any CPU
		{AA669F47-031F-48E8-9B5F-26240CC6A46E}.Release|x86.ActiveCfg = Release|Any CPU
		{AA669F47-031F-48E8-9B5F-26240CC6A46E}.Release|x86.Build.0 = Release|Any CPU
		{B6F487FC-4EE7-444F-AB56-7B55B050D476}.Debug|Any CPU.ActiveCfg = Debug|Any CPU
		{B6F487FC-4EE7-444F-AB56-7B55B050D476}.Debug|Any CPU.Build.0 = Debug|Any CPU
		{B6F487FC-4EE7-444F-AB56-7B55B050D476}.Debug|x64.ActiveCfg = Debug|Any CPU
		{B6F487FC-4EE7-444F-AB56-7B55B050D476}.Debug|x64.Build.0 = Debug|Any CPU
		{B6F487FC-4EE7-444F-AB56-7B55B050D476}.Debug|x86.ActiveCfg = Debug|Any CPU
		{B6F487FC-4EE7-444F-AB56-7B55B050D476}.Debug|x86.Build.0 = Debug|Any CPU
		{B6F487FC-4EE7-444F-AB56-7B55B050D476}.Release|Any CPU.ActiveCfg = Release|Any CPU
		{B6F487FC-4EE7-444F-AB56-7B55B050D476}.Release|Any CPU.Build.0 = Release|Any CPU
		{B6F487FC-4EE7-444F-AB56-7B55B050D476}.Release|x64.ActiveCfg = Release|Any CPU
		{B6F487FC-4EE7-444F-AB56-7B55B050D476}.Release|x64.Build.0 = Release|Any CPU
		{B6F487FC-4EE7-444F-AB56-7B55B050D476}.Release|x86.ActiveCfg = Release|Any CPU
		{B6F487FC-4EE7-444F-AB56-7B55B050D476}.Release|x86.Build.0 = Release|Any CPU
		{7DC3366F-0DBD-4FAA-A573-20F8E35F89EA}.Debug|Any CPU.ActiveCfg = Debug|Any CPU
		{7DC3366F-0DBD-4FAA-A573-20F8E35F89EA}.Debug|Any CPU.Build.0 = Debug|Any CPU
		{7DC3366F-0DBD-4FAA-A573-20F8E35F89EA}.Debug|x64.ActiveCfg = Debug|Any CPU
		{7DC3366F-0DBD-4FAA-A573-20F8E35F89EA}.Debug|x64.Build.0 = Debug|Any CPU
		{7DC3366F-0DBD-4FAA-A573-20F8E35F89EA}.Debug|x86.ActiveCfg = Debug|Any CPU
		{7DC3366F-0DBD-4FAA-A573-20F8E35F89EA}.Debug|x86.Build.0 = Debug|Any CPU
		{7DC3366F-0DBD-4FAA-A573-20F8E35F89EA}.Release|Any CPU.ActiveCfg = Release|Any CPU
		{7DC3366F-0DBD-4FAA-A573-20F8E35F89EA}.Release|Any CPU.Build.0 = Release|Any CPU
		{7DC3366F-0DBD-4FAA-A573-20F8E35F89EA}.Release|x64.ActiveCfg = Release|Any CPU
		{7DC3366F-0DBD-4FAA-A573-20F8E35F89EA}.Release|x64.Build.0 = Release|Any CPU
		{7DC3366F-0DBD-4FAA-A573-20F8E35F89EA}.Release|x86.ActiveCfg = Release|Any CPU
		{7DC3366F-0DBD-4FAA-A573-20F8E35F89EA}.Release|x86.Build.0 = Release|Any CPU
		{1DCAE1CB-E974-417C-B0E1-94F6BC3EB6C8}.Debug|Any CPU.ActiveCfg = Debug|Any CPU
		{1DCAE1CB-E974-417C-B0E1-94F6BC3EB6C8}.Debug|Any CPU.Build.0 = Debug|Any CPU
		{1DCAE1CB-E974-417C-B0E1-94F6BC3EB6C8}.Debug|x64.ActiveCfg = Debug|Any CPU
		{1DCAE1CB-E974-417C-B0E1-94F6BC3EB6C8}.Debug|x64.Build.0 = Debug|Any CPU
		{1DCAE1CB-E974-417C-B0E1-94F6BC3EB6C8}.Debug|x86.ActiveCfg = Debug|Any CPU
		{1DCAE1CB-E974-417C-B0E1-94F6BC3EB6C8}.Debug|x86.Build.0 = Debug|Any CPU
		{1DCAE1CB-E974-417C-B0E1-94F6BC3EB6C8}.Release|Any CPU.ActiveCfg = Release|Any CPU
		{1DCAE1CB-E974-417C-B0E1-94F6BC3EB6C8}.Release|Any CPU.Build.0 = Release|Any CPU
		{1DCAE1CB-E974-417C-B0E1-94F6BC3EB6C8}.Release|x64.ActiveCfg = Release|Any CPU
		{1DCAE1CB-E974-417C-B0E1-94F6BC3EB6C8}.Release|x64.Build.0 = Release|Any CPU
		{1DCAE1CB-E974-417C-B0E1-94F6BC3EB6C8}.Release|x86.ActiveCfg = Release|Any CPU
		{1DCAE1CB-E974-417C-B0E1-94F6BC3EB6C8}.Release|x86.Build.0 = Release|Any CPU
		{0625BF96-C8E2-4CAC-B29F-62125E5E5E5E}.Debug|Any CPU.ActiveCfg = Debug|Any CPU
		{0625BF96-C8E2-4CAC-B29F-62125E5E5E5E}.Debug|Any CPU.Build.0 = Debug|Any CPU
		{0625BF96-C8E2-4CAC-B29F-62125E5E5E5E}.Debug|x64.ActiveCfg = Debug|Any CPU
		{0625BF96-C8E2-4CAC-B29F-62125E5E5E5E}.Debug|x64.Build.0 = Debug|Any CPU
		{0625BF96-C8E2-4CAC-B29F-62125E5E5E5E}.Debug|x86.ActiveCfg = Debug|Any CPU
		{0625BF96-C8E2-4CAC-B29F-62125E5E5E5E}.Debug|x86.Build.0 = Debug|Any CPU
		{0625BF96-C8E2-4CAC-B29F-62125E5E5E5E}.Release|Any CPU.ActiveCfg = Release|Any CPU
		{0625BF96-C8E2-4CAC-B29F-62125E5E5E5E}.Release|Any CPU.Build.0 = Release|Any CPU
		{0625BF96-C8E2-4CAC-B29F-62125E5E5E5E}.Release|x64.ActiveCfg = Release|Any CPU
		{0625BF96-C8E2-4CAC-B29F-62125E5E5E5E}.Release|x64.Build.0 = Release|Any CPU
		{0625BF96-C8E2-4CAC-B29F-62125E5E5E5E}.Release|x86.ActiveCfg = Release|Any CPU
		{0625BF96-C8E2-4CAC-B29F-62125E5E5E5E}.Release|x86.Build.0 = Release|Any CPU
		{FE5EAF38-B658-4E23-BFDC-FFA213F4CE23}.Debug|Any CPU.ActiveCfg = Debug|Any CPU
		{FE5EAF38-B658-4E23-BFDC-FFA213F4CE23}.Debug|Any CPU.Build.0 = Debug|Any CPU
		{FE5EAF38-B658-4E23-BFDC-FFA213F4CE23}.Debug|x64.ActiveCfg = Debug|Any CPU
		{FE5EAF38-B658-4E23-BFDC-FFA213F4CE23}.Debug|x64.Build.0 = Debug|Any CPU
		{FE5EAF38-B658-4E23-BFDC-FFA213F4CE23}.Debug|x86.ActiveCfg = Debug|Any CPU
		{FE5EAF38-B658-4E23-BFDC-FFA213F4CE23}.Debug|x86.Build.0 = Debug|Any CPU
		{FE5EAF38-B658-4E23-BFDC-FFA213F4CE23}.Release|Any CPU.ActiveCfg = Release|Any CPU
		{FE5EAF38-B658-4E23-BFDC-FFA213F4CE23}.Release|Any CPU.Build.0 = Release|Any CPU
		{FE5EAF38-B658-4E23-BFDC-FFA213F4CE23}.Release|x64.ActiveCfg = Release|Any CPU
		{FE5EAF38-B658-4E23-BFDC-FFA213F4CE23}.Release|x64.Build.0 = Release|Any CPU
		{FE5EAF38-B658-4E23-BFDC-FFA213F4CE23}.Release|x86.ActiveCfg = Release|Any CPU
		{FE5EAF38-B658-4E23-BFDC-FFA213F4CE23}.Release|x86.Build.0 = Release|Any CPU
		{D1C62E14-B698-4635-984E-86A5CEC75CCB}.Debug|Any CPU.ActiveCfg = Debug|Any CPU
		{D1C62E14-B698-4635-984E-86A5CEC75CCB}.Debug|Any CPU.Build.0 = Debug|Any CPU
		{D1C62E14-B698-4635-984E-86A5CEC75CCB}.Debug|x64.ActiveCfg = Debug|Any CPU
		{D1C62E14-B698-4635-984E-86A5CEC75CCB}.Debug|x64.Build.0 = Debug|Any CPU
		{D1C62E14-B698-4635-984E-86A5CEC75CCB}.Debug|x86.ActiveCfg = Debug|Any CPU
		{D1C62E14-B698-4635-984E-86A5CEC75CCB}.Debug|x86.Build.0 = Debug|Any CPU
		{D1C62E14-B698-4635-984E-86A5CEC75CCB}.Release|Any CPU.ActiveCfg = Release|Any CPU
		{D1C62E14-B698-4635-984E-86A5CEC75CCB}.Release|Any CPU.Build.0 = Release|Any CPU
		{D1C62E14-B698-4635-984E-86A5CEC75CCB}.Release|x64.ActiveCfg = Release|Any CPU
		{D1C62E14-B698-4635-984E-86A5CEC75CCB}.Release|x64.Build.0 = Release|Any CPU
		{D1C62E14-B698-4635-984E-86A5CEC75CCB}.Release|x86.ActiveCfg = Release|Any CPU
		{D1C62E14-B698-4635-984E-86A5CEC75CCB}.Release|x86.Build.0 = Release|Any CPU
		{F805357B-2522-4EAE-8425-05B413B52947}.Debug|Any CPU.ActiveCfg = Debug|Any CPU
		{F805357B-2522-4EAE-8425-05B413B52947}.Debug|Any CPU.Build.0 = Debug|Any CPU
		{F805357B-2522-4EAE-8425-05B413B52947}.Debug|x64.ActiveCfg = Debug|Any CPU
		{F805357B-2522-4EAE-8425-05B413B52947}.Debug|x64.Build.0 = Debug|Any CPU
		{F805357B-2522-4EAE-8425-05B413B52947}.Debug|x86.ActiveCfg = Debug|Any CPU
		{F805357B-2522-4EAE-8425-05B413B52947}.Debug|x86.Build.0 = Debug|Any CPU
		{F805357B-2522-4EAE-8425-05B413B52947}.Release|Any CPU.ActiveCfg = Release|Any CPU
		{F805357B-2522-4EAE-8425-05B413B52947}.Release|Any CPU.Build.0 = Release|Any CPU
		{F805357B-2522-4EAE-8425-05B413B52947}.Release|x64.ActiveCfg = Release|Any CPU
		{F805357B-2522-4EAE-8425-05B413B52947}.Release|x64.Build.0 = Release|Any CPU
		{F805357B-2522-4EAE-8425-05B413B52947}.Release|x86.ActiveCfg = Release|Any CPU
		{F805357B-2522-4EAE-8425-05B413B52947}.Release|x86.Build.0 = Release|Any CPU
		{B99D4AF2-1547-4A80-BA20-D46F72E220A5}.Debug|Any CPU.ActiveCfg = Debug|Any CPU
		{B99D4AF2-1547-4A80-BA20-D46F72E220A5}.Debug|Any CPU.Build.0 = Debug|Any CPU
		{B99D4AF2-1547-4A80-BA20-D46F72E220A5}.Debug|x64.ActiveCfg = Debug|Any CPU
		{B99D4AF2-1547-4A80-BA20-D46F72E220A5}.Debug|x64.Build.0 = Debug|Any CPU
		{B99D4AF2-1547-4A80-BA20-D46F72E220A5}.Debug|x86.ActiveCfg = Debug|Any CPU
		{B99D4AF2-1547-4A80-BA20-D46F72E220A5}.Debug|x86.Build.0 = Debug|Any CPU
		{B99D4AF2-1547-4A80-BA20-D46F72E220A5}.Release|Any CPU.ActiveCfg = Release|Any CPU
		{B99D4AF2-1547-4A80-BA20-D46F72E220A5}.Release|Any CPU.Build.0 = Release|Any CPU
		{B99D4AF2-1547-4A80-BA20-D46F72E220A5}.Release|x64.ActiveCfg = Release|Any CPU
		{B99D4AF2-1547-4A80-BA20-D46F72E220A5}.Release|x64.Build.0 = Release|Any CPU
		{B99D4AF2-1547-4A80-BA20-D46F72E220A5}.Release|x86.ActiveCfg = Release|Any CPU
		{B99D4AF2-1547-4A80-BA20-D46F72E220A5}.Release|x86.Build.0 = Release|Any CPU
	EndGlobalSection
	GlobalSection(SolutionProperties) = preSolution
		HideSolutionNode = FALSE
	EndGlobalSection
	GlobalSection(NestedProjects) = preSolution
		{412797B6-0027-44A0-9654-DBA8F2B4E46F} = {A0F1D084-C4EF-4FBB-9794-6590717D7140}
		{A0F1D084-C4EF-4FBB-9794-6590717D7140} = {7AA8A233-55D4-44FF-97CC-5A4B1235C101}
		{7AA8A233-55D4-44FF-97CC-5A4B1235C101} = {40B0ABF4-0DEB-4A40-B17A-9FB7D08AC303}
		{1A1AD65A-172C-41CA-836F-67D06051EFF3} = {40B0ABF4-0DEB-4A40-B17A-9FB7D08AC303}
		{5ED0330F-2FCD-4585-9C43-82ADE15D30E0} = {40B0ABF4-0DEB-4A40-B17A-9FB7D08AC303}
		{1E7C4440-BCBB-49CE-A130-E612A3114C37} = {7AA8A233-55D4-44FF-97CC-5A4B1235C101}
		{5A355076-49A3-4D57-9CB2-FD461F82DE0C} = {7AA8A233-55D4-44FF-97CC-5A4B1235C101}
		{5DAB0A3A-2C8A-4493-BF2C-065FAB6D06C4} = {7AA8A233-55D4-44FF-97CC-5A4B1235C101}
		{258D8D2E-1A81-4B20-9ABE-59114D8EF693} = {5DAB0A3A-2C8A-4493-BF2C-065FAB6D06C4}
		{AA669F47-031F-48E8-9B5F-26240CC6A46E} = {1E7C4440-BCBB-49CE-A130-E612A3114C37}
		{B6F487FC-4EE7-444F-AB56-7B55B050D476} = {5A355076-49A3-4D57-9CB2-FD461F82DE0C}
		{7DC3366F-0DBD-4FAA-A573-20F8E35F89EA} = {5A355076-49A3-4D57-9CB2-FD461F82DE0C}
		{1DCAE1CB-E974-417C-B0E1-94F6BC3EB6C8} = {5A355076-49A3-4D57-9CB2-FD461F82DE0C}
		{0625BF96-C8E2-4CAC-B29F-62125E5E5E5E} = {5A355076-49A3-4D57-9CB2-FD461F82DE0C}
		{FE5EAF38-B658-4E23-BFDC-FFA213F4CE23} = {1A1AD65A-172C-41CA-836F-67D06051EFF3}
		{D1C62E14-B698-4635-984E-86A5CEC75CCB} = {5ED0330F-2FCD-4585-9C43-82ADE15D30E0}
		{F805357B-2522-4EAE-8425-05B413B52947} = {5ED0330F-2FCD-4585-9C43-82ADE15D30E0}
		{B99D4AF2-1547-4A80-BA20-D46F72E220A5} = {5ED0330F-2FCD-4585-9C43-82ADE15D30E0}
	EndGlobalSection
	GlobalSection(ExtensibilityGlobals) = postSolution
		SolutionGuid = {A0053963-789D-47F1-A659-5792DC16CADA}
	EndGlobalSection
EndGlobal
